// !$*UTF8*$!
{
	archiveVersion = 1;
	classes = {
	};
	objectVersion = 50;
	objects = {

/* Begin PBXBuildFile section */
		2A1F74082384189500CF7F3A /* SRRoundRectView.swift in Sources */ = {isa = PBXBuildFile; fileRef = 2A1F74072384189500CF7F3A /* SRRoundRectView.swift */; };
		2A22FBC023811EA3007507C0 /* AppDelegate.swift in Sources */ = {isa = PBXBuildFile; fileRef = 2A22FBBF23811EA3007507C0 /* AppDelegate.swift */; };
		2A22FBC223811EA3007507C0 /* SceneDelegate.swift in Sources */ = {isa = PBXBuildFile; fileRef = 2A22FBC123811EA3007507C0 /* SceneDelegate.swift */; };
		2A22FBC423811EA3007507C0 /* ViewController.swift in Sources */ = {isa = PBXBuildFile; fileRef = 2A22FBC323811EA3007507C0 /* ViewController.swift */; };
		2A22FBC723811EA3007507C0 /* Main.storyboard in Resources */ = {isa = PBXBuildFile; fileRef = 2A22FBC523811EA3007507C0 /* Main.storyboard */; };
		2A22FBC923811EA4007507C0 /* Assets.xcassets in Resources */ = {isa = PBXBuildFile; fileRef = 2A22FBC823811EA4007507C0 /* Assets.xcassets */; };
		2A22FBCC23811EA4007507C0 /* LaunchScreen.storyboard in Resources */ = {isa = PBXBuildFile; fileRef = 2A22FBCA23811EA4007507C0 /* LaunchScreen.storyboard */; };
		2A22FBD423811EC2007507C0 /* UIImage+Extension.swift in Sources */ = {isa = PBXBuildFile; fileRef = 2A22FBD323811EC2007507C0 /* UIImage+Extension.swift */; };
		2A22FBD723811EF2007507C0 /* Accelerate.framework in Frameworks */ = {isa = PBXBuildFile; fileRef = 2A22FBD623811EF2007507C0 /* Accelerate.framework */; };
/* End PBXBuildFile section */

/* Begin PBXFileReference section */
		2A1F74072384189500CF7F3A /* SRRoundRectView.swift */ = {isa = PBXFileReference; lastKnownFileType = sourcecode.swift; path = SRRoundRectView.swift; sourceTree = "<group>"; };
		2A22FBBC23811EA3007507C0 /* DemoImageResize.app */ = {isa = PBXFileReference; explicitFileType = wrapper.application; includeInIndex = 0; path = DemoImageResize.app; sourceTree = BUILT_PRODUCTS_DIR; };
		2A22FBBF23811EA3007507C0 /* AppDelegate.swift */ = {isa = PBXFileReference; lastKnownFileType = sourcecode.swift; path = AppDelegate.swift; sourceTree = "<group>"; };
		2A22FBC123811EA3007507C0 /* SceneDelegate.swift */ = {isa = PBXFileReference; lastKnownFileType = sourcecode.swift; path = SceneDelegate.swift; sourceTree = "<group>"; };
		2A22FBC323811EA3007507C0 /* ViewController.swift */ = {isa = PBXFileReference; lastKnownFileType = sourcecode.swift; path = ViewController.swift; sourceTree = "<group>"; };
		2A22FBC623811EA3007507C0 /* Base */ = {isa = PBXFileReference; lastKnownFileType = file.storyboard; name = Base; path = Base.lproj/Main.storyboard; sourceTree = "<group>"; };
		2A22FBC823811EA4007507C0 /* Assets.xcassets */ = {isa = PBXFileReference; lastKnownFileType = folder.assetcatalog; path = Assets.xcassets; sourceTree = "<group>"; };
		2A22FBCB23811EA4007507C0 /* Base */ = {isa = PBXFileReference; lastKnownFileType = file.storyboard; name = Base; path = Base.lproj/LaunchScreen.storyboard; sourceTree = "<group>"; };
		2A22FBCD23811EA4007507C0 /* Info.plist */ = {isa = PBXFileReference; lastKnownFileType = text.plist.xml; path = Info.plist; sourceTree = "<group>"; };
		2A22FBD323811EC2007507C0 /* UIImage+Extension.swift */ = {isa = PBXFileReference; lastKnownFileType = sourcecode.swift; path = "UIImage+Extension.swift"; sourceTree = "<group>"; };
		2A22FBD623811EF2007507C0 /* Accelerate.framework */ = {isa = PBXFileReference; lastKnownFileType = wrapper.framework; name = Accelerate.framework; path = System/Library/Frameworks/Accelerate.framework; sourceTree = SDKROOT; };
/* End PBXFileReference section */

/* Begin PBXFrameworksBuildPhase section */
		2A22FBB923811EA3007507C0 /* Frameworks */ = {
			isa = PBXFrameworksBuildPhase;
			buildActionMask = 2147483647;
			files = (
				2A22FBD723811EF2007507C0 /* Accelerate.framework in Frameworks */,
			);
			runOnlyForDeploymentPostprocessing = 0;
		};
/* End PBXFrameworksBuildPhase section */

/* Begin PBXGroup section */
		2A22FBB323811EA3007507C0 = {
			isa = PBXGroup;
			children = (
				2A22FBBE23811EA3007507C0 /* DemoImageResize */,
				2A22FBBD23811EA3007507C0 /* Products */,
				2A22FBD523811EF2007507C0 /* Frameworks */,
			);
			sourceTree = "<group>";
		};
		2A22FBBD23811EA3007507C0 /* Products */ = {
			isa = PBXGroup;
			children = (
				2A22FBBC23811EA3007507C0 /* DemoImageResize.app */,
			);
			name = Products;
			sourceTree = "<group>";
		};
		2A22FBBE23811EA3007507C0 /* DemoImageResize */ = {
			isa = PBXGroup;
			children = (
				2A22FBBF23811EA3007507C0 /* AppDelegate.swift */,
				2A22FBC123811EA3007507C0 /* SceneDelegate.swift */,
				2A22FBC323811EA3007507C0 /* ViewController.swift */,
				2A1F74072384189500CF7F3A /* SRRoundRectView.swift */,
				2A22FBC523811EA3007507C0 /* Main.storyboard */,
				2A22FBC823811EA4007507C0 /* Assets.xcassets */,
				2A22FBCA23811EA4007507C0 /* LaunchScreen.storyboard */,
				2A22FBCD23811EA4007507C0 /* Info.plist */,
				2A22FBD323811EC2007507C0 /* UIImage+Extension.swift */,
			);
			path = DemoImageResize;
			sourceTree = "<group>";
		};
		2A22FBD523811EF2007507C0 /* Frameworks */ = {
			isa = PBXGroup;
			children = (
				2A22FBD623811EF2007507C0 /* Accelerate.framework */,
			);
			name = Frameworks;
			sourceTree = "<group>";
		};
/* End PBXGroup section */

/* Begin PBXNativeTarget section */
		2A22FBBB23811EA3007507C0 /* DemoImageResize */ = {
			isa = PBXNativeTarget;
			buildConfigurationList = 2A22FBD023811EA4007507C0 /* Build configuration list for PBXNativeTarget "DemoImageResize" */;
			buildPhases = (
				2A22FBB823811EA3007507C0 /* Sources */,
				2A22FBB923811EA3007507C0 /* Frameworks */,
				2A22FBBA23811EA3007507C0 /* Resources */,
			);
			buildRules = (
			);
			dependencies = (
			);
			name = DemoImageResize;
			productName = DemoImageResize;
			productReference = 2A22FBBC23811EA3007507C0 /* DemoImageResize.app */;
			productType = "com.apple.product-type.application";
		};
/* End PBXNativeTarget section */

/* Begin PBXProject section */
		2A22FBB423811EA3007507C0 /* Project object */ = {
			isa = PBXProject;
			attributes = {
				LastSwiftUpdateCheck = 1120;
				LastUpgradeCheck = 1120;
				ORGANIZATIONNAME = "Subhra Roy";
				TargetAttributes = {
					2A22FBBB23811EA3007507C0 = {
						CreatedOnToolsVersion = 11.2.1;
					};
				};
			};
			buildConfigurationList = 2A22FBB723811EA3007507C0 /* Build configuration list for PBXProject "DemoImageResize" */;
			compatibilityVersion = "Xcode 9.3";
			developmentRegion = en;
			hasScannedForEncodings = 0;
			knownRegions = (
				en,
				Base,
			);
			mainGroup = 2A22FBB323811EA3007507C0;
			productRefGroup = 2A22FBBD23811EA3007507C0 /* Products */;
			projectDirPath = "";
			projectRoot = "";
			targets = (
				2A22FBBB23811EA3007507C0 /* DemoImageResize */,
			);
		};
/* End PBXProject section */

/* Begin PBXResourcesBuildPhase section */
		2A22FBBA23811EA3007507C0 /* Resources */ = {
			isa = PBXResourcesBuildPhase;
			buildActionMask = 2147483647;
			files = (
				2A22FBCC23811EA4007507C0 /* LaunchScreen.storyboard in Resources */,
				2A22FBC923811EA4007507C0 /* Assets.xcassets in Resources */,
				2A22FBC723811EA3007507C0 /* Main.storyboard in Resources */,
			);
			runOnlyForDeploymentPostprocessing = 0;
		};
/* End PBXResourcesBuildPhase section */

/* Begin PBXSourcesBuildPhase section */
		2A22FBB823811EA3007507C0 /* Sources */ = {
			isa = PBXSourcesBuildPhase;
			buildActionMask = 2147483647;
			files = (
				2A22FBC423811EA3007507C0 /* ViewController.swift in Sources */,
				2A22FBC023811EA3007507C0 /* AppDelegate.swift in Sources */,
				2A22FBC223811EA3007507C0 /* SceneDelegate.swift in Sources */,
				2A22FBD423811EC2007507C0 /* UIImage+Extension.swift in Sources */,
				2A1F74082384189500CF7F3A /* SRRoundRectView.swift in Sources */,
			);
			runOnlyForDeploymentPostprocessing = 0;
		};
/* End PBXSourcesBuildPhase section */

/* Begin PBXVariantGroup section */
		2A22FBC523811EA3007507C0 /* Main.storyboard */ = {
			isa = PBXVariantGroup;
			children = (
				2A22FBC623811EA3007507C0 /* Base */,
			);
			name = Main.storyboard;
			sourceTree = "<group>";
		};
		2A22FBCA23811EA4007507C0 /* LaunchScreen.storyboard */ = {
			isa = PBXVariantGroup;
			children = (
				2A22FBCB23811EA4007507C0 /* Base */,
			);
			name = LaunchScreen.storyboard;
			sourceTree = "<group>";
		};
/* End PBXVariantGroup section */

/* Begin XCBuildConfiguration section */
		2A22FBCE23811EA4007507C0 /* Debug */ = {
			isa = XCBuildConfiguration;
			buildSettings = {
				ALWAYS_SEARCH_USER_PATHS = NO;
				CLANG_ANALYZER_NONNULL = YES;
				CLANG_ANALYZER_NUMBER_OBJECT_CONVERSION = YES_AGGRESSIVE;
				CLANG_CXX_LANGUAGE_STANDARD = "gnu++14";
				CLANG_CXX_LIBRARY = "libc++";
				CLANG_ENABLE_MODULES = YES;
				CLANG_ENABLE_OBJC_ARC = YES;
				CLANG_ENABLE_OBJC_WEAK = YES;
				CLANG_WARN_BLOCK_CAPTURE_AUTORELEASING = YES;
				CLANG_WARN_BOOL_CONVERSION = YES;
				CLANG_WARN_COMMA = YES;
				CLANG_WARN_CONSTANT_CONVERSION = YES;
				CLANG_WARN_DEPRECATED_OBJC_IMPLEMENTATIONS = YES;
				CLANG_WARN_DIRECT_OBJC_ISA_USAGE = YES_ERROR;
				CLANG_WARN_DOCUMENTATION_COMMENTS = YES;
				CLANG_WARN_EMPTY_BODY = YES;
				CLANG_WARN_ENUM_CONVERSION = YES;
				CLANG_WARN_INFINITE_RECURSION = YES;
				CLANG_WARN_INT_CONVERSION = YES;
				CLANG_WARN_NON_LITERAL_NULL_CONVERSION = YES;
				CLANG_WARN_OBJC_IMPLICIT_RETAIN_SELF = YES;
				CLANG_WARN_OBJC_LITERAL_CONVERSION = YES;
				CLANG_WARN_OBJC_ROOT_CLASS = YES_ERROR;
				CLANG_WARN_RANGE_LOOP_ANALYSIS = YES;
				CLANG_WARN_STRICT_PROTOTYPES = YES;
				CLANG_WARN_SUSPICIOUS_MOVE = YES;
				CLANG_WARN_UNGUARDED_AVAILABILITY = YES_AGGRESSIVE;
				CLANG_WARN_UNREACHABLE_CODE = YES;
				CLANG_WARN__DUPLICATE_METHOD_MATCH = YES;
				COPY_PHASE_STRIP = NO;
				DEBUG_INFORMATION_FORMAT = dwarf;
				ENABLE_STRICT_OBJC_MSGSEND = YES;
				ENABLE_TESTABILITY = YES;
				GCC_C_LANGUAGE_STANDARD = gnu11;
				GCC_DYNAMIC_NO_PIC = NO;
				GCC_NO_COMMON_BLOCKS = YES;
				GCC_OPTIMIZATION_LEVEL = 0;
				GCC_PREPROCESSOR_DEFINITIONS = (
					"DEBUG=1",
					"$(inherited)",
				);
				GCC_WARN_64_TO_32_BIT_CONVERSION = YES;
				GCC_WARN_ABOUT_RETURN_TYPE = YES_ERROR;
				GCC_WARN_UNDECLARED_SELECTOR = YES;
				GCC_WARN_UNINITIALIZED_AUTOS = YES_AGGRESSIVE;
				GCC_WARN_UNUSED_FUNCTION = YES;
				GCC_WARN_UNUSED_VARIABLE = YES;
				IPHONEOS_DEPLOYMENT_TARGET = 13.2;
				MTL_ENABLE_DEBUG_INFO = INCLUDE_SOURCE;
				MTL_FAST_MATH = YES;
				ONLY_ACTIVE_ARCH = YES;
				SDKROOT = iphoneos;
				SWIFT_ACTIVE_COMPILATION_CONDITIONS = DEBUG;
				SWIFT_OPTIMIZATION_LEVEL = "-Onone";
			};
			name = Debug;
		};
		2A22FBCF23811EA4007507C0 /* Release */ = {
			isa = XCBuildConfiguration;
			buildSettings = {
				ALWAYS_SEARCH_USER_PATHS = NO;
				CLANG_ANALYZER_NONNULL = YES;
				CLANG_ANALYZER_NUMBER_OBJECT_CONVERSION = YES_AGGRESSIVE;
				CLANG_CXX_LANGUAGE_STANDARD = "gnu++14";
				CLANG_CXX_LIBRARY = "libc++";
				CLANG_ENABLE_MODULES = YES;
				CLANG_ENABLE_OBJC_ARC = YES;
				CLANG_ENABLE_OBJC_WEAK = YES;
				CLANG_WARN_BLOCK_CAPTURE_AUTORELEASING = YES;
				CLANG_WARN_BOOL_CONVERSION = YES;
				CLANG_WARN_COMMA = YES;
				CLANG_WARN_CONSTANT_CONVERSION = YES;
				CLANG_WARN_DEPRECATED_OBJC_IMPLEMENTATIONS = YES;
				CLANG_WARN_DIRECT_OBJC_ISA_USAGE = YES_ERROR;
				CLANG_WARN_DOCUMENTATION_COMMENTS = YES;
				CLANG_WARN_EMPTY_BODY = YES;
				CLANG_WARN_ENUM_CONVERSION = YES;
				CLANG_WARN_INFINITE_RECURSION = YES;
				CLANG_WARN_INT_CONVERSION = YES;
				CLANG_WARN_NON_LITERAL_NULL_CONVERSION = YES;
				CLANG_WARN_OBJC_IMPLICIT_RETAIN_SELF = YES;
				CLANG_WARN_OBJC_LITERAL_CONVERSION = YES;
				CLANG_WARN_OBJC_ROOT_CLASS = YES_ERROR;
				CLANG_WARN_RANGE_LOOP_ANALYSIS = YES;
				CLANG_WARN_STRICT_PROTOTYPES = YES;
				CLANG_WARN_SUSPICIOUS_MOVE = YES;
				CLANG_WARN_UNGUARDED_AVAILABILITY = YES_AGGRESSIVE;
				CLANG_WARN_UNREACHABLE_CODE = YES;
				CLANG_WARN__DUPLICATE_METHOD_MATCH = YES;
				COPY_PHASE_STRIP = NO;
				DEBUG_INFORMATION_FORMAT = "dwarf-with-dsym";
				ENABLE_NS_ASSERTIONS = NO;
				ENABLE_STRICT_OBJC_MSGSEND = YES;
				GCC_C_LANGUAGE_STANDARD = gnu11;
				GCC_NO_COMMON_BLOCKS = YES;
				GCC_WARN_64_TO_32_BIT_CONVERSION = YES;
				GCC_WARN_ABOUT_RETURN_TYPE = YES_ERROR;
				GCC_WARN_UNDECLARED_SELECTOR = YES;
				GCC_WARN_UNINITIALIZED_AUTOS = YES_AGGRESSIVE;
				GCC_WARN_UNUSED_FUNCTION = YES;
				GCC_WARN_UNUSED_VARIABLE = YES;
				IPHONEOS_DEPLOYMENT_TARGET = 13.2;
				MTL_ENABLE_DEBUG_INFO = NO;
				MTL_FAST_MATH = YES;
				SDKROOT = iphoneos;
				SWIFT_COMPILATION_MODE = wholemodule;
				SWIFT_OPTIMIZATION_LEVEL = "-O";
				VALIDATE_PRODUCT = YES;
			};
			name = Release;
		};
		2A22FBD123811EA4007507C0 /* Debug */ = {
			isa = XCBuildConfiguration;
			buildSettings = {
				ASSETCATALOG_COMPILER_APPICON_NAME = AppIcon;
				CODE_SIGN_STYLE = Automatic;
				DEVELOPMENT_TEAM = 3QCVS5M6Q4;
				INFOPLIST_FILE = DemoImageResize/Info.plist;
				LD_RUNPATH_SEARCH_PATHS = (
					"$(inherited)",
					"@executable_path/Frameworks",
				);
				PRODUCT_BUNDLE_IDENTIFIER = com.demo.DemoImageResize;
				PRODUCT_NAME = "$(TARGET_NAME)";
				SWIFT_VERSION = 5.0;
				TARGETED_DEVICE_FAMILY = "1,2";
			};
			name = Debug;
		};
		2A22FBD223811EA4007507C0 /* Release */ = {
			isa = XCBuildConfiguration;
			buildSettings = {
				ASSETCATALOG_COMPILER_APPICON_NAME = AppIcon;
				CODE_SIGN_STYLE = Automatic;
				DEVELOPMENT_TEAM = 3QCVS5M6Q4;
				INFOPLIST_FILE = DemoImageResize/Info.plist;
				LD_RUNPATH_SEARCH_PATHS = (
					"$(inherited)",
					"@executable_path/Frameworks",
				);
				PRODUCT_BUNDLE_IDENTIFIER = com.demo.DemoImageResize;
				PRODUCT_NAME = "$(TARGET_NAME)";
				SWIFT_VERSION = 5.0;
				TARGETED_DEVICE_FAMILY = "1,2";
			};
			name = Release;
		};
/* End XCBuildConfiguration section */

/* Begin XCConfigurationList section */
		2A22FBB723811EA3007507C0 /* Build configuration list for PBXProject "DemoImageResize" */ = {
			isa = XCConfigurationList;
			buildConfigurations = (
				2A22FBCE23811EA4007507C0 /* Debug */,
				2A22FBCF23811EA4007507C0 /* Release */,
			);
			defaultConfigurationIsVisible = 0;
			defaultConfigurationName = Release;
		};
		2A22FBD023811EA4007507C0 /* Build configuration list for PBXNativeTarget "DemoImageResize" */ = {
			isa = XCConfigurationList;
			buildConfigurations = (
				2A22FBD123811EA4007507C0 /* Debug */,
				2A22FBD223811EA4007507C0 /* Release */,
			);
			defaultConfigurationIsVisible = 0;
			defaultConfigurationName = Release;
		};
/* End XCConfigurationList section */
	};
	rootObject = 2A22FBB423811EA3007507C0 /* Project object */;
}
